<?xml version="1.0" encoding="utf-8"?>
<Project ToolsVersion="4.0" xmlns="http://schemas.microsoft.com/developer/msbuild/2003">
  <ItemGroup>
    <Filter Include="Source Files">
      <UniqueIdentifier>{4FC737F1-C7A5-4376-A066-2A32D752A2FF}</UniqueIdentifier>
      <Extensions>cpp;c;cc;cxx;c++;cppm;ixx;def;odl;idl;hpj;bat;asm;asmx</Extensions>
    </Filter>
    <Filter Include="Resource Files">
      <UniqueIdentifier>{67DA6AB6-F800-4c08-8B7A-83BB121AAD01}</UniqueIdentifier>
      <Extensions>rc;ico;cur;bmp;dlg;rc2;rct;bin;rgs;gif;jpg;jpeg;jpe;resx;tiff;tif;png;wav;mfcribbon-ms</Extensions>
    </Filter>
    <Filter Include="include/dr4w">
      <UniqueIdentifier>{93995380-89BD-4b04-88EB-625FBE52EBFB}</UniqueIdentifier>
      <Extensions>h;hh;hpp;hxx;h++;hm;inl;inc;ipp;xsd</Extensions>
    </Filter>
  </ItemGroup>
  <ItemGroup>
    <ClInclude Include="..\include\dr4\dr4_rand.h">
      <Filter>include/dr4w</Filter>
    </ClInclude>
    <ClInclude Include="..\include\dr4\dr4_util.h">
      <Filter>include/dr4w</Filter>
    </ClInclude>
    <ClInclude Include="..\include\dr4\dr4_image.h">
      <Filter>include/dr4w</Filter>
    </ClInclude>
    <ClInclude Include="..\include\dr4\dr4_array2d.h">
      <Filter>include/dr4w</Filter>
    </ClInclude>
    <ClInclude Include="..\include\dr4\dr4_tuples.h">
      <Filter>include/dr4w</Filter>
    </ClInclude>
    <ClInclude Include="..\include\dr4\dr4_color.h">
      <Filter>include/dr4w</Filter>
    </ClInclude>
    <ClInclude Include="..\include\dr4\dr4_floatingpoint.h">
      <Filter>include/dr4w</Filter>
    </ClInclude>
    <ClInclude Include="..\include\dr4\dr4_geometryresult.h">
      <Filter>include/dr4w</Filter>
    </ClInclude>
    <ClInclude Include="..\include\dr4\dr4_math.h">
      <Filter>include/dr4w</Filter>
    </ClInclude>
    <ClInclude Include="..\include\dr4\dr4_unitvector3f.h">
      <Filter>include/dr4w</Filter>
    </ClInclude>
    <ClInclude Include="..\include\dr4\dr4_io.h">
      <Filter>include/dr4w</Filter>
    </ClInclude>
    <ClInclude Include="..\include\dr4\dr4_scene2d.h">
      <Filter>include/dr4w</Filter>
    </ClInclude>
    <ClInclude Include="..\include\dr4\dr4_rasterizer.h">
      <Filter>include/dr4w</Filter>
    </ClInclude>
    <ClInclude Include="..\include\dr4\dr4_unitvector2f.h">
      <Filter>include/dr4w</Filter>
    </ClInclude>
    <ClInclude Include="..\include\dr4\dr4_camera.h">
      <Filter>include/dr4w</Filter>
    </ClInclude>
    <ClInclude Include="..\include\dr4\dr4_scene3d.h">
      <Filter>include/dr4w</Filter>
    </ClInclude>
    <ClInclude Include="..\include\dr4\dr4_task.h">
      <Filter>include/dr4w</Filter>
    </ClInclude>
    <ClInclude Include="..\include\dr4\dr4_quadtree.h">
      <Filter>include/dr4w</Filter>
    </ClInclude>
    <ClInclude Include="..\include\dr4\dr4_rasterizer_algorithms.h">
      <Filter>include/dr4w</Filter>
    </ClInclude>
    <ClInclude Include="..\include\dr4\dr4_shapes.h">
      <Filter>include/dr4w</Filter>
    </ClInclude>
    <ClInclude Include="..\include\dr4\dr4_distance.h">
      <Filter>include/dr4w</Filter>
    </ClInclude>
    <ClInclude Include="..\include\dr4\dr4_span3f.h">
      <Filter>include/dr4w</Filter>
    </ClInclude>
    <ClInclude Include="..\include\dr4\dr4_spanf.h">
      <Filter>include/dr4w</Filter>
    </ClInclude>
    <ClInclude Include="..\include\dr4\dr4_dimension.h">
      <Filter>include/dr4w</Filter>
    </ClInclude>
    <ClInclude Include="..\include\dr4\dr4_span2f.h">
      <Filter>include/dr4w</Filter>
    </ClInclude>
    <ClInclude Include="..\include\dr4\dr4_rasterizer_area.h">
      <Filter>include/dr4w</Filter>
    </ClInclude>
    <ClInclude Include="..\include\dr4\dr4_splines.h">
      <Filter>include/dr4w</Filter>
    </ClInclude>
    <ClInclude Include="..\include\dr4\dr4_analysis.h">
      <Filter>include/dr4w</Filter>
    </ClInclude>
    <ClInclude Include="..\include\dr4\dr4_timer.h">
      <Filter>include/dr4w</Filter>
    </ClInclude>
    <ClInclude Include="..\include\dr4\dr4_result_types.h">
      <Filter>include/dr4w</Filter>
    </ClInclude>
    <ClInclude Include="..\include\dr4\dr4_metadata.h">
      <Filter>include/dr4w</Filter>
    </ClInclude>
  </ItemGroup>
  <ItemGroup>
    <ClCompile Include="dr4_image.cpp">
      <Filter>Source Files</Filter>
    </ClCompile>
    <ClCompile Include="dr4_color.cpp">
      <Filter>Source Files</Filter>
    </ClCompile>
    <ClCompile Include="dr4_geometryresult.cpp">
      <Filter>Source Files</Filter>
    </ClCompile>
    <ClCompile Include="dr4_math.cpp">
      <Filter>Source Files</Filter>
    </ClCompile>
    <ClCompile Include="dr4_io.cpp">
      <Filter>Source Files</Filter>
    </ClCompile>
    <ClCompile Include="dr4_rasterizer.cpp">
      <Filter>Source Files</Filter>
    </ClCompile>
    <ClCompile Include="dr4_scene2d.cpp">
      <Filter>Source Files</Filter>
    </ClCompile>
    <ClCompile Include="dr4_camera.cpp">
      <Filter>Source Files</Filter>
    </ClCompile>
    <ClCompile Include="dr4_task.cpp">
      <Filter>Source Files</Filter>
    </ClCompile>
    <ClCompile Include="dr4_quadtree.cpp">
      <Filter>Source Files</Filter>
    </ClCompile>
    <ClCompile Include="dr4_rasterizer_algorithms.cpp">
      <Filter>Source Files</Filter>
    </ClCompile>
    <ClCompile Include="dr4_distance.cpp">
      <Filter>Source Files</Filter>
    </ClCompile>
    <ClCompile Include="dr4_splines.cpp">
      <Filter>Source Files</Filter>
    </ClCompile>
  </ItemGroup>
</Project>